// !$*UTF8*$!
{
	archiveVersion = 1;
	classes = {
	};
	objectVersion = 56;
	objects = {

/* Begin PBXBuildFile section */
		9B4B179E2CF58759007517BD /* Colors.xcassets in Resources */ = {isa = PBXBuildFile; fileRef = 9B4B179C2CF58759007517BD /* Colors.xcassets */; };
		9B4B179F2CF58759007517BD /* Images.xcassets in Resources */ = {isa = PBXBuildFile; fileRef = 9B4B179D2CF58759007517BD /* Images.xcassets */; };
		9B4F50DB2CF57068007D319D /* JPToast.swift in Sources */ = {isa = PBXBuildFile; fileRef = 9B4F50D12CF57068007D319D /* JPToast.swift */; };
		9B4F50DC2CF57068007D319D /* JPTextField.swift in Sources */ = {isa = PBXBuildFile; fileRef = 9B4F50D02CF57068007D319D /* JPTextField.swift */; };
		9B4F50DD2CF57068007D319D /* JPNetworkReachability.swift in Sources */ = {isa = PBXBuildFile; fileRef = 9B4F50CF2CF57068007D319D /* JPNetworkReachability.swift */; };
		9B4F50DE2CF57068007D319D /* APIManager.swift in Sources */ = {isa = PBXBuildFile; fileRef = 9B4F50CA2CF57068007D319D /* APIManager.swift */; };
		9B4F50DF2CF57068007D319D /* APIEndpoints.swift in Sources */ = {isa = PBXBuildFile; fileRef = 9B4F50C92CF57068007D319D /* APIEndpoints.swift */; };
		9B4F50E02CF57068007D319D /* JPAlertController.swift in Sources */ = {isa = PBXBuildFile; fileRef = 9B4F50CD2CF57068007D319D /* JPAlertController.swift */; };
		9B4F50E12CF57068007D319D /* APIRequest.swift in Sources */ = {isa = PBXBuildFile; fileRef = 9B4F50CB2CF57068007D319D /* APIRequest.swift */; };
		9B4F50E22CF57068007D319D /* JPLoader.swift in Sources */ = {isa = PBXBuildFile; fileRef = 9B4F50CE2CF57068007D319D /* JPLoader.swift */; };
		9B4F50E72CF57609007D319D /* LoginDataModel.swift in Sources */ = {isa = PBXBuildFile; fileRef = 9B4F50E62CF57609007D319D /* LoginDataModel.swift */; };
		9B4F51312CF586E6007D319D /* String+copy.swift in Sources */ = {isa = PBXBuildFile; fileRef = 9B4F51292CF586E6007D319D /* String+copy.swift */; };
		9B4F51322CF586E6007D319D /* Poppins-Regular.ttf in Resources */ = {isa = PBXBuildFile; fileRef = 9B4F512D2CF586E6007D319D /* Poppins-Regular.ttf */; };
		9B4F51332CF586E6007D319D /* Poppins-SemiBold.ttf in Resources */ = {isa = PBXBuildFile; fileRef = 9B4F512E2CF586E6007D319D /* Poppins-SemiBold.ttf */; };
		9B4F51342CF586E6007D319D /* Teko-Medium.ttf in Resources */ = {isa = PBXBuildFile; fileRef = 9B4F512F2CF586E6007D319D /* Teko-Medium.ttf */; };
		9B4F51352CF586E6007D319D /* Inter-Regular.ttf in Resources */ = {isa = PBXBuildFile; fileRef = 9B4F512C2CF586E6007D319D /* Inter-Regular.ttf */; };
		9B4F51362CF586E6007D319D /* Inter_18pt-Regular.ttf in Resources */ = {isa = PBXBuildFile; fileRef = 9B4F512B2CF586E6007D319D /* Inter_18pt-Regular.ttf */; };
		B0100CDB2CF78E14004F6214 /* SelectAreaListViewCell.swift in Sources */ = {isa = PBXBuildFile; fileRef = B0100CD92CF78E14004F6214 /* SelectAreaListViewCell.swift */; };
		B0100CDC2CF78E14004F6214 /* SelectAreaListViewCell.xib in Resources */ = {isa = PBXBuildFile; fileRef = B0100CDA2CF78E14004F6214 /* SelectAreaListViewCell.xib */; };
		B0100CE22CF79A97004F6214 /* PostDetailViewController.swift in Sources */ = {isa = PBXBuildFile; fileRef = B0100CE12CF79A97004F6214 /* PostDetailViewController.swift */; };
		B0100CEC2CFF768D004F6214 /* NewsDetailViewController.swift in Sources */ = {isa = PBXBuildFile; fileRef = B0100CEB2CFF768D004F6214 /* NewsDetailViewController.swift */; };
		B01BB04F2CF3109C003970D7 /* MenuViewController.swift in Sources */ = {isa = PBXBuildFile; fileRef = B01BB04E2CF3109C003970D7 /* MenuViewController.swift */; };
		B01BB0512CF311A5003970D7 /* HomeCoordinator.swift in Sources */ = {isa = PBXBuildFile; fileRef = B01BB0502CF311A5003970D7 /* HomeCoordinator.swift */; };
		B01BB0532CF3149E003970D7 /* FeedsViewController.swift in Sources */ = {isa = PBXBuildFile; fileRef = B01BB0522CF3149E003970D7 /* FeedsViewController.swift */; };
		B01C0E282D08A5C60021A39E /* PostDetailViewModel.swift in Sources */ = {isa = PBXBuildFile; fileRef = B01C0E272D08A5C60021A39E /* PostDetailViewModel.swift */; };
		B01C0E2C2D08A8290021A39E /* IncidentDetailResponseModel.swift in Sources */ = {isa = PBXBuildFile; fileRef = B01C0E2B2D08A8290021A39E /* IncidentDetailResponseModel.swift */; };
		B046822D2CE52CA900419C65 /* HomeViewController.swift in Sources */ = {isa = PBXBuildFile; fileRef = B046822C2CE52CA900419C65 /* HomeViewController.swift */; };
		B04682342CE5327D00419C65 /* NewsListViewController.swift in Sources */ = {isa = PBXBuildFile; fileRef = B04682322CE5327D00419C65 /* NewsListViewController.swift */; };
		B04682352CE5327D00419C65 /* NewsListViewController.xib in Resources */ = {isa = PBXBuildFile; fileRef = B04682332CE5327D00419C65 /* NewsListViewController.xib */; };
		B046823C2CE53B9300419C65 /* MapViewController.swift in Sources */ = {isa = PBXBuildFile; fileRef = B046823A2CE53B9300419C65 /* MapViewController.swift */; };
		B046823D2CE53B9300419C65 /* MapViewController.xib in Resources */ = {isa = PBXBuildFile; fileRef = B046823B2CE53B9300419C65 /* MapViewController.xib */; };
		B04682402CE5401100419C65 /* PostListViewController.swift in Sources */ = {isa = PBXBuildFile; fileRef = B046823E2CE5401100419C65 /* PostListViewController.swift */; };
		B04682412CE5401100419C65 /* PostListViewController.xib in Resources */ = {isa = PBXBuildFile; fileRef = B046823F2CE5401100419C65 /* PostListViewController.xib */; };
		B04682452CE6685300419C65 /* FWRoundedButton.swift in Sources */ = {isa = PBXBuildFile; fileRef = B04682442CE6685300419C65 /* FWRoundedButton.swift */; };
		B04682472CE66B3700419C65 /* FWSegmentControl.swift in Sources */ = {isa = PBXBuildFile; fileRef = B04682462CE66B3700419C65 /* FWSegmentControl.swift */; };
		B046824A2CE66E4900419C65 /* FWColor.swift in Sources */ = {isa = PBXBuildFile; fileRef = B04682492CE66E4900419C65 /* FWColor.swift */; };
		B046824C2CE66F5A00419C65 /* FWFont.swift in Sources */ = {isa = PBXBuildFile; fileRef = B046824B2CE66F5A00419C65 /* FWFont.swift */; };
		B046824F2CE6779A00419C65 /* PostListViewCell.xib in Resources */ = {isa = PBXBuildFile; fileRef = B046824E2CE6779A00419C65 /* PostListViewCell.xib */; };
		B04682502CE6779A00419C65 /* PostListViewCell.swift in Sources */ = {isa = PBXBuildFile; fileRef = B046824D2CE6779A00419C65 /* PostListViewCell.swift */; };
		B064D3152CF316BD00CAB161 /* UINavigationController+Extension.swift in Sources */ = {isa = PBXBuildFile; fileRef = B064D3142CF316BD00CAB161 /* UINavigationController+Extension.swift */; };
		B064D3172CF325E800CAB161 /* FWRoundedImageView.swift in Sources */ = {isa = PBXBuildFile; fileRef = B064D3162CF325E800CAB161 /* FWRoundedImageView.swift */; };
		B064D3192CF32B5000CAB161 /* FWView.swift in Sources */ = {isa = PBXBuildFile; fileRef = B064D3182CF32B5000CAB161 /* FWView.swift */; };
		B071E0212CE5036500D09598 /* FWShadowButton.swift in Sources */ = {isa = PBXBuildFile; fileRef = B071E0202CE5036500D09598 /* FWShadowButton.swift */; };
		B08236ED2CE374D10092AC01 /* AppDelegate.swift in Sources */ = {isa = PBXBuildFile; fileRef = B08236EC2CE374D10092AC01 /* AppDelegate.swift */; };
		B08236EF2CE374D10092AC01 /* SceneDelegate.swift in Sources */ = {isa = PBXBuildFile; fileRef = B08236EE2CE374D10092AC01 /* SceneDelegate.swift */; };
		B08236F42CE374D10092AC01 /* Base in Resources */ = {isa = PBXBuildFile; fileRef = B08236F32CE374D10092AC01 /* Base */; };
		B08236F62CE374D30092AC01 /* Assets.xcassets in Resources */ = {isa = PBXBuildFile; fileRef = B08236F52CE374D30092AC01 /* Assets.xcassets */; };
		B08236F92CE374D30092AC01 /* Base in Resources */ = {isa = PBXBuildFile; fileRef = B08236F82CE374D30092AC01 /* Base */; };
		B08237042CE374D30092AC01 /* FireWireTests.swift in Sources */ = {isa = PBXBuildFile; fileRef = B08237032CE374D30092AC01 /* FireWireTests.swift */; };
		B082370E2CE374D30092AC01 /* FireWireUITests.swift in Sources */ = {isa = PBXBuildFile; fileRef = B082370D2CE374D30092AC01 /* FireWireUITests.swift */; };
		B08237102CE374D30092AC01 /* FireWireUITestsLaunchTests.swift in Sources */ = {isa = PBXBuildFile; fileRef = B082370F2CE374D30092AC01 /* FireWireUITestsLaunchTests.swift */; };
		B0895A7C2CE8F10700A4AA1D /* NewsListViewCell.swift in Sources */ = {isa = PBXBuildFile; fileRef = B0895A7A2CE8F10700A4AA1D /* NewsListViewCell.swift */; };
		B0895A7D2CE8F10700A4AA1D /* NewsListViewCell.xib in Resources */ = {isa = PBXBuildFile; fileRef = B0895A7B2CE8F10700A4AA1D /* NewsListViewCell.xib */; };
		B09254B42CF626C100879B07 /* SelectAreaListViewController.swift in Sources */ = {isa = PBXBuildFile; fileRef = B09254B22CF626C100879B07 /* SelectAreaListViewController.swift */; };
		B09254B52CF626C100879B07 /* SelectAreaListViewController.xib in Resources */ = {isa = PBXBuildFile; fileRef = B09254B32CF626C100879B07 /* SelectAreaListViewController.xib */; };
		B09254BA2CF6378500879B07 /* FWBottomSheetViewController.swift in Sources */ = {isa = PBXBuildFile; fileRef = B09254B92CF6378500879B07 /* FWBottomSheetViewController.swift */; };
		B09254BE2CF64BE400879B07 /* FWImage.swift in Sources */ = {isa = PBXBuildFile; fileRef = B09254BD2CF64BE400879B07 /* FWImage.swift */; };
		B0A370CD2CEF91DA0021D2F7 /* UIViewController+Extension.swift in Sources */ = {isa = PBXBuildFile; fileRef = B0A370CC2CEF91DA0021D2F7 /* UIViewController+Extension.swift */; };
		B0A370CF2CEF95E80021D2F7 /* FWTextField.swift in Sources */ = {isa = PBXBuildFile; fileRef = B0A370CE2CEF95E80021D2F7 /* FWTextField.swift */; };
		B0AD4B382D01EDEF009B065C /* APIConstants.swift in Sources */ = {isa = PBXBuildFile; fileRef = B0AD4B372D01EDEF009B065C /* APIConstants.swift */; };
		B0CF74B52D0369BA008935D8 /* MyAccountViewController.swift in Sources */ = {isa = PBXBuildFile; fileRef = B0CF74B42D0369BA008935D8 /* MyAccountViewController.swift */; };
		B0CF74B72D038834008935D8 /* PostListViewModel.swift in Sources */ = {isa = PBXBuildFile; fileRef = B0CF74B62D038833008935D8 /* PostListViewModel.swift */; };
		B0CF74BB2D038C1D008935D8 /* IncidentResponseModel.swift in Sources */ = {isa = PBXBuildFile; fileRef = B0CF74BA2D038C1D008935D8 /* IncidentResponseModel.swift */; };
		B0D12CFF2CED095200EEDDF8 /* LoginViewController.swift in Sources */ = {isa = PBXBuildFile; fileRef = B0D12CFC2CED095200EEDDF8 /* LoginViewController.swift */; };
		B0D12D002CED095200EEDDF8 /* RegistrationViewController.swift in Sources */ = {isa = PBXBuildFile; fileRef = B0D12CFD2CED095200EEDDF8 /* RegistrationViewController.swift */; };
		B0D12D032CED0C9400EEDDF8 /* BaseCoordinator.swift in Sources */ = {isa = PBXBuildFile; fileRef = B0D12D022CED0C9400EEDDF8 /* BaseCoordinator.swift */; };
		B0D12D052CED0CC300EEDDF8 /* LoginCoordinator.swift in Sources */ = {isa = PBXBuildFile; fileRef = B0D12D042CED0CC300EEDDF8 /* LoginCoordinator.swift */; };
		B0D12D082CED109D00EEDDF8 /* AppCoordinator.swift in Sources */ = {isa = PBXBuildFile; fileRef = B0D12D072CED109D00EEDDF8 /* AppCoordinator.swift */; };
		B0E115812CFF7B9C00E7D10B /* GoogleMaps in Frameworks */ = {isa = PBXBuildFile; productRef = B0E115802CFF7B9C00E7D10B /* GoogleMaps */; };
		B0F1A7E82CED1F9200D9F309 /* FWFilledButton.swift in Sources */ = {isa = PBXBuildFile; fileRef = B0F1A7E72CED1F9200D9F309 /* FWFilledButton.swift */; };
		B0F1A7EE2CED224700D9F309 /* UILabel+Extension.swift in Sources */ = {isa = PBXBuildFile; fileRef = B0F1A7ED2CED224700D9F309 /* UILabel+Extension.swift */; };
/* End PBXBuildFile section */

/* Begin PBXContainerItemProxy section */
		B08237002CE374D30092AC01 /* PBXContainerItemProxy */ = {
			isa = PBXContainerItemProxy;
			containerPortal = B08236E12CE374D10092AC01 /* Project object */;
			proxyType = 1;
			remoteGlobalIDString = B08236E82CE374D10092AC01;
			remoteInfo = FireWire;
		};
		B082370A2CE374D30092AC01 /* PBXContainerItemProxy */ = {
			isa = PBXContainerItemProxy;
			containerPortal = B08236E12CE374D10092AC01 /* Project object */;
			proxyType = 1;
			remoteGlobalIDString = B08236E82CE374D10092AC01;
			remoteInfo = FireWire;
		};
/* End PBXContainerItemProxy section */

/* Begin PBXFileReference section */
		9B4B179C2CF58759007517BD /* Colors.xcassets */ = {isa = PBXFileReference; lastKnownFileType = folder.assetcatalog; path = Colors.xcassets; sourceTree = "<group>"; };
		9B4B179D2CF58759007517BD /* Images.xcassets */ = {isa = PBXFileReference; lastKnownFileType = folder.assetcatalog; path = Images.xcassets; sourceTree = "<group>"; };
		9B4F50C92CF57068007D319D /* APIEndpoints.swift */ = {isa = PBXFileReference; lastKnownFileType = sourcecode.swift; path = APIEndpoints.swift; sourceTree = "<group>"; };
		9B4F50CA2CF57068007D319D /* APIManager.swift */ = {isa = PBXFileReference; lastKnownFileType = sourcecode.swift; path = APIManager.swift; sourceTree = "<group>"; };
		9B4F50CB2CF57068007D319D /* APIRequest.swift */ = {isa = PBXFileReference; lastKnownFileType = sourcecode.swift; path = APIRequest.swift; sourceTree = "<group>"; };
		9B4F50CD2CF57068007D319D /* JPAlertController.swift */ = {isa = PBXFileReference; lastKnownFileType = sourcecode.swift; path = JPAlertController.swift; sourceTree = "<group>"; };
		9B4F50CE2CF57068007D319D /* JPLoader.swift */ = {isa = PBXFileReference; lastKnownFileType = sourcecode.swift; path = JPLoader.swift; sourceTree = "<group>"; };
		9B4F50CF2CF57068007D319D /* JPNetworkReachability.swift */ = {isa = PBXFileReference; lastKnownFileType = sourcecode.swift; path = JPNetworkReachability.swift; sourceTree = "<group>"; };
		9B4F50D02CF57068007D319D /* JPTextField.swift */ = {isa = PBXFileReference; lastKnownFileType = sourcecode.swift; path = JPTextField.swift; sourceTree = "<group>"; };
		9B4F50D12CF57068007D319D /* JPToast.swift */ = {isa = PBXFileReference; lastKnownFileType = sourcecode.swift; path = JPToast.swift; sourceTree = "<group>"; };
		9B4F50E62CF57609007D319D /* LoginDataModel.swift */ = {isa = PBXFileReference; lastKnownFileType = sourcecode.swift; path = LoginDataModel.swift; sourceTree = "<group>"; };
		9B4F51292CF586E6007D319D /* String+copy.swift */ = {isa = PBXFileReference; lastKnownFileType = sourcecode.swift; path = "String+copy.swift"; sourceTree = "<group>"; };
		9B4F512B2CF586E6007D319D /* Inter_18pt-Regular.ttf */ = {isa = PBXFileReference; lastKnownFileType = file; path = "Inter_18pt-Regular.ttf"; sourceTree = "<group>"; };
		9B4F512C2CF586E6007D319D /* Inter-Regular.ttf */ = {isa = PBXFileReference; lastKnownFileType = file; path = "Inter-Regular.ttf"; sourceTree = "<group>"; };
		9B4F512D2CF586E6007D319D /* Poppins-Regular.ttf */ = {isa = PBXFileReference; lastKnownFileType = file; path = "Poppins-Regular.ttf"; sourceTree = "<group>"; };
		9B4F512E2CF586E6007D319D /* Poppins-SemiBold.ttf */ = {isa = PBXFileReference; lastKnownFileType = file; path = "Poppins-SemiBold.ttf"; sourceTree = "<group>"; };
		9B4F512F2CF586E6007D319D /* Teko-Medium.ttf */ = {isa = PBXFileReference; lastKnownFileType = file; path = "Teko-Medium.ttf"; sourceTree = "<group>"; };
		B0100CD92CF78E14004F6214 /* SelectAreaListViewCell.swift */ = {isa = PBXFileReference; lastKnownFileType = sourcecode.swift; path = SelectAreaListViewCell.swift; sourceTree = "<group>"; };
		B0100CDA2CF78E14004F6214 /* SelectAreaListViewCell.xib */ = {isa = PBXFileReference; lastKnownFileType = file.xib; path = SelectAreaListViewCell.xib; sourceTree = "<group>"; };
		B0100CE12CF79A97004F6214 /* PostDetailViewController.swift */ = {isa = PBXFileReference; lastKnownFileType = sourcecode.swift; path = PostDetailViewController.swift; sourceTree = "<group>"; };
		B0100CEB2CFF768D004F6214 /* NewsDetailViewController.swift */ = {isa = PBXFileReference; lastKnownFileType = sourcecode.swift; path = NewsDetailViewController.swift; sourceTree = "<group>"; };
		B01BB04E2CF3109C003970D7 /* MenuViewController.swift */ = {isa = PBXFileReference; lastKnownFileType = sourcecode.swift; path = MenuViewController.swift; sourceTree = "<group>"; };
		B01BB0502CF311A5003970D7 /* HomeCoordinator.swift */ = {isa = PBXFileReference; lastKnownFileType = sourcecode.swift; path = HomeCoordinator.swift; sourceTree = "<group>"; };
		B01BB0522CF3149E003970D7 /* FeedsViewController.swift */ = {isa = PBXFileReference; lastKnownFileType = sourcecode.swift; path = FeedsViewController.swift; sourceTree = "<group>"; };
		B01C0E272D08A5C60021A39E /* PostDetailViewModel.swift */ = {isa = PBXFileReference; lastKnownFileType = sourcecode.swift; path = PostDetailViewModel.swift; sourceTree = "<group>"; };
		B01C0E2B2D08A8290021A39E /* IncidentDetailResponseModel.swift */ = {isa = PBXFileReference; lastKnownFileType = sourcecode.swift; path = IncidentDetailResponseModel.swift; sourceTree = "<group>"; };
		B046822C2CE52CA900419C65 /* HomeViewController.swift */ = {isa = PBXFileReference; lastKnownFileType = sourcecode.swift; path = HomeViewController.swift; sourceTree = "<group>"; };
		B04682322CE5327D00419C65 /* NewsListViewController.swift */ = {isa = PBXFileReference; lastKnownFileType = sourcecode.swift; path = NewsListViewController.swift; sourceTree = "<group>"; };
		B04682332CE5327D00419C65 /* NewsListViewController.xib */ = {isa = PBXFileReference; lastKnownFileType = file.xib; path = NewsListViewController.xib; sourceTree = "<group>"; };
		B046823A2CE53B9300419C65 /* MapViewController.swift */ = {isa = PBXFileReference; lastKnownFileType = sourcecode.swift; path = MapViewController.swift; sourceTree = "<group>"; };
		B046823B2CE53B9300419C65 /* MapViewController.xib */ = {isa = PBXFileReference; lastKnownFileType = file.xib; path = MapViewController.xib; sourceTree = "<group>"; };
		B046823E2CE5401100419C65 /* PostListViewController.swift */ = {isa = PBXFileReference; lastKnownFileType = sourcecode.swift; path = PostListViewController.swift; sourceTree = "<group>"; };
		B046823F2CE5401100419C65 /* PostListViewController.xib */ = {isa = PBXFileReference; lastKnownFileType = file.xib; path = PostListViewController.xib; sourceTree = "<group>"; };
		B04682442CE6685300419C65 /* FWRoundedButton.swift */ = {isa = PBXFileReference; lastKnownFileType = sourcecode.swift; path = FWRoundedButton.swift; sourceTree = "<group>"; };
		B04682462CE66B3700419C65 /* FWSegmentControl.swift */ = {isa = PBXFileReference; lastKnownFileType = sourcecode.swift; path = FWSegmentControl.swift; sourceTree = "<group>"; };
		B04682492CE66E4900419C65 /* FWColor.swift */ = {isa = PBXFileReference; lastKnownFileType = sourcecode.swift; path = FWColor.swift; sourceTree = "<group>"; };
		B046824B2CE66F5A00419C65 /* FWFont.swift */ = {isa = PBXFileReference; lastKnownFileType = sourcecode.swift; path = FWFont.swift; sourceTree = "<group>"; };
		B046824D2CE6779A00419C65 /* PostListViewCell.swift */ = {isa = PBXFileReference; lastKnownFileType = sourcecode.swift; path = PostListViewCell.swift; sourceTree = "<group>"; };
		B046824E2CE6779A00419C65 /* PostListViewCell.xib */ = {isa = PBXFileReference; lastKnownFileType = file.xib; path = PostListViewCell.xib; sourceTree = "<group>"; };
		B064D3142CF316BD00CAB161 /* UINavigationController+Extension.swift */ = {isa = PBXFileReference; lastKnownFileType = sourcecode.swift; path = "UINavigationController+Extension.swift"; sourceTree = "<group>"; };
		B064D3162CF325E800CAB161 /* FWRoundedImageView.swift */ = {isa = PBXFileReference; lastKnownFileType = sourcecode.swift; path = FWRoundedImageView.swift; sourceTree = "<group>"; };
		B064D3182CF32B5000CAB161 /* FWView.swift */ = {isa = PBXFileReference; lastKnownFileType = sourcecode.swift; path = FWView.swift; sourceTree = "<group>"; };
		B071E0202CE5036500D09598 /* FWShadowButton.swift */ = {isa = PBXFileReference; lastKnownFileType = sourcecode.swift; path = FWShadowButton.swift; sourceTree = "<group>"; };
		B08236E92CE374D10092AC01 /* FireWire.app */ = {isa = PBXFileReference; explicitFileType = wrapper.application; includeInIndex = 0; path = FireWire.app; sourceTree = BUILT_PRODUCTS_DIR; };
		B08236EC2CE374D10092AC01 /* AppDelegate.swift */ = {isa = PBXFileReference; lastKnownFileType = sourcecode.swift; path = AppDelegate.swift; sourceTree = "<group>"; };
		B08236EE2CE374D10092AC01 /* SceneDelegate.swift */ = {isa = PBXFileReference; lastKnownFileType = sourcecode.swift; path = SceneDelegate.swift; sourceTree = "<group>"; };
		B08236F32CE374D10092AC01 /* Base */ = {isa = PBXFileReference; lastKnownFileType = file.storyboard; name = Base; path = Base.lproj/Main.storyboard; sourceTree = "<group>"; };
		B08236F52CE374D30092AC01 /* Assets.xcassets */ = {isa = PBXFileReference; lastKnownFileType = folder.assetcatalog; path = Assets.xcassets; sourceTree = "<group>"; };
		B08236F82CE374D30092AC01 /* Base */ = {isa = PBXFileReference; lastKnownFileType = file.storyboard; name = Base; path = Base.lproj/LaunchScreen.storyboard; sourceTree = "<group>"; };
		B08236FA2CE374D30092AC01 /* Info.plist */ = {isa = PBXFileReference; lastKnownFileType = text.plist.xml; path = Info.plist; sourceTree = "<group>"; };
		B08236FF2CE374D30092AC01 /* FireWireTests.xctest */ = {isa = PBXFileReference; explicitFileType = wrapper.cfbundle; includeInIndex = 0; path = FireWireTests.xctest; sourceTree = BUILT_PRODUCTS_DIR; };
		B08237032CE374D30092AC01 /* FireWireTests.swift */ = {isa = PBXFileReference; lastKnownFileType = sourcecode.swift; path = FireWireTests.swift; sourceTree = "<group>"; };
		B08237092CE374D30092AC01 /* FireWireUITests.xctest */ = {isa = PBXFileReference; explicitFileType = wrapper.cfbundle; includeInIndex = 0; path = FireWireUITests.xctest; sourceTree = BUILT_PRODUCTS_DIR; };
		B082370D2CE374D30092AC01 /* FireWireUITests.swift */ = {isa = PBXFileReference; lastKnownFileType = sourcecode.swift; path = FireWireUITests.swift; sourceTree = "<group>"; };
		B082370F2CE374D30092AC01 /* FireWireUITestsLaunchTests.swift */ = {isa = PBXFileReference; lastKnownFileType = sourcecode.swift; path = FireWireUITestsLaunchTests.swift; sourceTree = "<group>"; };
		B0895A7A2CE8F10700A4AA1D /* NewsListViewCell.swift */ = {isa = PBXFileReference; lastKnownFileType = sourcecode.swift; path = NewsListViewCell.swift; sourceTree = "<group>"; };
		B0895A7B2CE8F10700A4AA1D /* NewsListViewCell.xib */ = {isa = PBXFileReference; lastKnownFileType = file.xib; path = NewsListViewCell.xib; sourceTree = "<group>"; };
		B09254B22CF626C100879B07 /* SelectAreaListViewController.swift */ = {isa = PBXFileReference; lastKnownFileType = sourcecode.swift; path = SelectAreaListViewController.swift; sourceTree = "<group>"; };
		B09254B32CF626C100879B07 /* SelectAreaListViewController.xib */ = {isa = PBXFileReference; lastKnownFileType = file.xib; path = SelectAreaListViewController.xib; sourceTree = "<group>"; };
		B09254B92CF6378500879B07 /* FWBottomSheetViewController.swift */ = {isa = PBXFileReference; lastKnownFileType = sourcecode.swift; path = FWBottomSheetViewController.swift; sourceTree = "<group>"; };
		B09254BD2CF64BE400879B07 /* FWImage.swift */ = {isa = PBXFileReference; lastKnownFileType = sourcecode.swift; path = FWImage.swift; sourceTree = "<group>"; };
		B0A370CC2CEF91DA0021D2F7 /* UIViewController+Extension.swift */ = {isa = PBXFileReference; lastKnownFileType = sourcecode.swift; path = "UIViewController+Extension.swift"; sourceTree = "<group>"; };
		B0A370CE2CEF95E80021D2F7 /* FWTextField.swift */ = {isa = PBXFileReference; lastKnownFileType = sourcecode.swift; path = FWTextField.swift; sourceTree = "<group>"; };
		B0AD4B372D01EDEF009B065C /* APIConstants.swift */ = {isa = PBXFileReference; lastKnownFileType = sourcecode.swift; path = APIConstants.swift; sourceTree = "<group>"; };
		B0CF74B42D0369BA008935D8 /* MyAccountViewController.swift */ = {isa = PBXFileReference; lastKnownFileType = sourcecode.swift; path = MyAccountViewController.swift; sourceTree = "<group>"; };
		B0CF74B62D038833008935D8 /* PostListViewModel.swift */ = {isa = PBXFileReference; lastKnownFileType = sourcecode.swift; path = PostListViewModel.swift; sourceTree = "<group>"; };
		B0CF74BA2D038C1D008935D8 /* IncidentResponseModel.swift */ = {isa = PBXFileReference; lastKnownFileType = sourcecode.swift; path = IncidentResponseModel.swift; sourceTree = "<group>"; };
		B0D12CFC2CED095200EEDDF8 /* LoginViewController.swift */ = {isa = PBXFileReference; fileEncoding = 4; lastKnownFileType = sourcecode.swift; path = LoginViewController.swift; sourceTree = "<group>"; };
		B0D12CFD2CED095200EEDDF8 /* RegistrationViewController.swift */ = {isa = PBXFileReference; fileEncoding = 4; lastKnownFileType = sourcecode.swift; path = RegistrationViewController.swift; sourceTree = "<group>"; };
		B0D12D022CED0C9400EEDDF8 /* BaseCoordinator.swift */ = {isa = PBXFileReference; lastKnownFileType = sourcecode.swift; path = BaseCoordinator.swift; sourceTree = "<group>"; };
		B0D12D042CED0CC300EEDDF8 /* LoginCoordinator.swift */ = {isa = PBXFileReference; lastKnownFileType = sourcecode.swift; path = LoginCoordinator.swift; sourceTree = "<group>"; };
		B0D12D072CED109D00EEDDF8 /* AppCoordinator.swift */ = {isa = PBXFileReference; lastKnownFileType = sourcecode.swift; path = AppCoordinator.swift; sourceTree = "<group>"; };
		B0F1A7E72CED1F9200D9F309 /* FWFilledButton.swift */ = {isa = PBXFileReference; lastKnownFileType = sourcecode.swift; path = FWFilledButton.swift; sourceTree = "<group>"; };
		B0F1A7ED2CED224700D9F309 /* UILabel+Extension.swift */ = {isa = PBXFileReference; lastKnownFileType = sourcecode.swift; path = "UILabel+Extension.swift"; sourceTree = "<group>"; };
/* End PBXFileReference section */

/* Begin PBXFrameworksBuildPhase section */
		B08236E62CE374D10092AC01 /* Frameworks */ = {
			isa = PBXFrameworksBuildPhase;
			buildActionMask = 2147483647;
			files = (
				B0E115812CFF7B9C00E7D10B /* GoogleMaps in Frameworks */,
			);
			runOnlyForDeploymentPostprocessing = 0;
		};
		B08236FC2CE374D30092AC01 /* Frameworks */ = {
			isa = PBXFrameworksBuildPhase;
			buildActionMask = 2147483647;
			files = (
			);
			runOnlyForDeploymentPostprocessing = 0;
		};
		B08237062CE374D30092AC01 /* Frameworks */ = {
			isa = PBXFrameworksBuildPhase;
			buildActionMask = 2147483647;
			files = (
			);
			runOnlyForDeploymentPostprocessing = 0;
		};
/* End PBXFrameworksBuildPhase section */

/* Begin PBXGroup section */
		9B4F50CC2CF57068007D319D /* API_Manager */ = {
			isa = PBXGroup;
			children = (
				9B4F50C92CF57068007D319D /* APIEndpoints.swift */,
				9B4F50CA2CF57068007D319D /* APIManager.swift */,
				9B4F50CB2CF57068007D319D /* APIRequest.swift */,
				B0AD4B372D01EDEF009B065C /* APIConstants.swift */,
			);
			path = API_Manager;
			sourceTree = "<group>";
		};
		9B4F50D22CF57068007D319D /* CommonClasses */ = {
			isa = PBXGroup;
			children = (
				9B4F50CD2CF57068007D319D /* JPAlertController.swift */,
				9B4F50CE2CF57068007D319D /* JPLoader.swift */,
				9B4F50CF2CF57068007D319D /* JPNetworkReachability.swift */,
				9B4F50D02CF57068007D319D /* JPTextField.swift */,
				9B4F50D12CF57068007D319D /* JPToast.swift */,
			);
			path = CommonClasses;
			sourceTree = "<group>";
		};
		9B4F50D42CF57068007D319D /* Components */ = {
			isa = PBXGroup;
			children = (
				B071E0202CE5036500D09598 /* FWShadowButton.swift */,
				B04682442CE6685300419C65 /* FWRoundedButton.swift */,
				B04682462CE66B3700419C65 /* FWSegmentControl.swift */,
				B04682492CE66E4900419C65 /* FWColor.swift */,
				B046824B2CE66F5A00419C65 /* FWFont.swift */,
				B0F1A7E72CED1F9200D9F309 /* FWFilledButton.swift */,
				B0A370CE2CEF95E80021D2F7 /* FWTextField.swift */,
				B064D3162CF325E800CAB161 /* FWRoundedImageView.swift */,
				B064D3182CF32B5000CAB161 /* FWView.swift */,
				B09254BD2CF64BE400879B07 /* FWImage.swift */,
			);
			path = Components;
			sourceTree = "<group>";
		};
		9B4F50D92CF57068007D319D /* Utilities */ = {
			isa = PBXGroup;
			children = (
				9B4F50CC2CF57068007D319D /* API_Manager */,
				9B4F50D22CF57068007D319D /* CommonClasses */,
				9B4F50D42CF57068007D319D /* Components */,
			);
			path = Utilities;
			sourceTree = "<group>";
		};
		9B4F51192CF586BF007D319D /* Resources */ = {
			isa = PBXGroup;
			children = (
				9B4F51382CF58700007D319D /* Fonts */,
				9B4F51372CF586EB007D319D /* Extensions */,
				9B4B179D2CF58759007517BD /* Images.xcassets */,
				9B4B179C2CF58759007517BD /* Colors.xcassets */,
			);
			path = Resources;
			sourceTree = "<group>";
		};
		9B4F51372CF586EB007D319D /* Extensions */ = {
			isa = PBXGroup;
			children = (
				9B4F51292CF586E6007D319D /* String+copy.swift */,
			);
			path = Extensions;
			sourceTree = "<group>";
		};
		9B4F51382CF58700007D319D /* Fonts */ = {
			isa = PBXGroup;
			children = (
				9B4F512B2CF586E6007D319D /* Inter_18pt-Regular.ttf */,
				9B4F512C2CF586E6007D319D /* Inter-Regular.ttf */,
				9B4F512D2CF586E6007D319D /* Poppins-Regular.ttf */,
				9B4F512E2CF586E6007D319D /* Poppins-SemiBold.ttf */,
				9B4F512F2CF586E6007D319D /* Teko-Medium.ttf */,
			);
			path = Fonts;
			sourceTree = "<group>";
		};
		B0100CD82CF78DDD004F6214 /* XIBs */ = {
			isa = PBXGroup;
			children = (
				B046824E2CE6779A00419C65 /* PostListViewCell.xib */,
				B0895A7B2CE8F10700A4AA1D /* NewsListViewCell.xib */,
				B0100CDA2CF78E14004F6214 /* SelectAreaListViewCell.xib */,
			);
			path = XIBs;
			sourceTree = "<group>";
		};
		B0100CDD2CF79975004F6214 /* Posts */ = {
			isa = PBXGroup;
			children = (
				B0100CDE2CF79984004F6214 /* XIBs */,
				B046823E2CE5401100419C65 /* PostListViewController.swift */,
				B0CF74B62D038833008935D8 /* PostListViewModel.swift */,
				B09254B22CF626C100879B07 /* SelectAreaListViewController.swift */,
				B0100CE12CF79A97004F6214 /* PostDetailViewController.swift */,
				B01C0E272D08A5C60021A39E /* PostDetailViewModel.swift */,
			);
			path = Posts;
			sourceTree = "<group>";
		};
		B0100CDE2CF79984004F6214 /* XIBs */ = {
			isa = PBXGroup;
			children = (
				B09254B32CF626C100879B07 /* SelectAreaListViewController.xib */,
				B046823F2CE5401100419C65 /* PostListViewController.xib */,
			);
			path = XIBs;
			sourceTree = "<group>";
		};
		B0100CDF2CF79A03004F6214 /* News */ = {
			isa = PBXGroup;
			children = (
				B0100CE02CF79A0A004F6214 /* XIBs */,
				B04682322CE5327D00419C65 /* NewsListViewController.swift */,
				B0100CEB2CFF768D004F6214 /* NewsDetailViewController.swift */,
			);
			path = News;
			sourceTree = "<group>";
		};
		B0100CE02CF79A0A004F6214 /* XIBs */ = {
			isa = PBXGroup;
			children = (
				B04682332CE5327D00419C65 /* NewsListViewController.xib */,
			);
			path = XIBs;
			sourceTree = "<group>";
		};
		B01BB04D2CF31087003970D7 /* Menu */ = {
			isa = PBXGroup;
			children = (
				B01BB04E2CF3109C003970D7 /* MenuViewController.swift */,
				B0CF74B42D0369BA008935D8 /* MyAccountViewController.swift */,
			);
			path = Menu;
			sourceTree = "<group>";
		};
		B01BB0542CF314A4003970D7 /* Feeds */ = {
			isa = PBXGroup;
			children = (
				B01BB0522CF3149E003970D7 /* FeedsViewController.swift */,
			);
			path = Feeds;
			sourceTree = "<group>";
		};
		B04682292CE52C5A00419C65 /* ViewControllers */ = {
			isa = PBXGroup;
			children = (
				B0100CDF2CF79A03004F6214 /* News */,
				B0100CDD2CF79975004F6214 /* Posts */,
				B09254B62CF6372200879B07 /* CommonView */,
				B01BB0542CF314A4003970D7 /* Feeds */,
				B01BB04D2CF31087003970D7 /* Menu */,
				B0D12CFE2CED095200EEDDF8 /* Login */,
				B04682522CE67CE900419C65 /* Home */,
			);
			path = ViewControllers;
			sourceTree = "<group>";
		};
		B04682512CE67CCE00419C65 /* TableViewCells */ = {
			isa = PBXGroup;
			children = (
				B0100CD82CF78DDD004F6214 /* XIBs */,
				B046824D2CE6779A00419C65 /* PostListViewCell.swift */,
				B0895A7A2CE8F10700A4AA1D /* NewsListViewCell.swift */,
				B0100CD92CF78E14004F6214 /* SelectAreaListViewCell.swift */,
			);
			path = TableViewCells;
			sourceTree = "<group>";
		};
		B04682522CE67CE900419C65 /* Home */ = {
			isa = PBXGroup;
			children = (
				B09254BC2CF6494E00879B07 /* XIBs */,
				B046823A2CE53B9300419C65 /* MapViewController.swift */,
				B046822C2CE52CA900419C65 /* HomeViewController.swift */,
				B01BB0502CF311A5003970D7 /* HomeCoordinator.swift */,
			);
			path = Home;
			sourceTree = "<group>";
		};
		B08236E02CE374D10092AC01 = {
			isa = PBXGroup;
			children = (
				B08236EB2CE374D10092AC01 /* FireWire */,
				B08237022CE374D30092AC01 /* FireWireTests */,
				B082370C2CE374D30092AC01 /* FireWireUITests */,
				B08236EA2CE374D10092AC01 /* Products */,
			);
			sourceTree = "<group>";
		};
		B08236EA2CE374D10092AC01 /* Products */ = {
			isa = PBXGroup;
			children = (
				B08236E92CE374D10092AC01 /* FireWire.app */,
				B08236FF2CE374D30092AC01 /* FireWireTests.xctest */,
				B08237092CE374D30092AC01 /* FireWireUITests.xctest */,
			);
			name = Products;
			sourceTree = "<group>";
		};
		B08236EB2CE374D10092AC01 /* FireWire */ = {
			isa = PBXGroup;
			children = (
				B0CF74B92D038C0B008935D8 /* Model */,
				9B4F51192CF586BF007D319D /* Resources */,
				9B4F50D92CF57068007D319D /* Utilities */,
				B0D12D012CED0C8400EEDDF8 /* FWCommon */,
				B04682512CE67CCE00419C65 /* TableViewCells */,
				B04682292CE52C5A00419C65 /* ViewControllers */,
				B08236EC2CE374D10092AC01 /* AppDelegate.swift */,
				B08236EE2CE374D10092AC01 /* SceneDelegate.swift */,
				B08236F22CE374D10092AC01 /* Main.storyboard */,
				B08236F72CE374D30092AC01 /* LaunchScreen.storyboard */,
				B08236F52CE374D30092AC01 /* Assets.xcassets */,
				B08236FA2CE374D30092AC01 /* Info.plist */,
			);
			path = FireWire;
			sourceTree = "<group>";
		};
		B08237022CE374D30092AC01 /* FireWireTests */ = {
			isa = PBXGroup;
			children = (
				B08237032CE374D30092AC01 /* FireWireTests.swift */,
			);
			path = FireWireTests;
			sourceTree = "<group>";
		};
		B082370C2CE374D30092AC01 /* FireWireUITests */ = {
			isa = PBXGroup;
			children = (
				B082370D2CE374D30092AC01 /* FireWireUITests.swift */,
				B082370F2CE374D30092AC01 /* FireWireUITestsLaunchTests.swift */,
			);
			path = FireWireUITests;
			sourceTree = "<group>";
		};
		B09254B62CF6372200879B07 /* CommonView */ = {
			isa = PBXGroup;
			children = (
				B09254B92CF6378500879B07 /* FWBottomSheetViewController.swift */,
			);
			path = CommonView;
			sourceTree = "<group>";
		};
		B09254BC2CF6494E00879B07 /* XIBs */ = {
			isa = PBXGroup;
			children = (
				B046823B2CE53B9300419C65 /* MapViewController.xib */,
			);
			path = XIBs;
			sourceTree = "<group>";
		};
		B0CF74B92D038C0B008935D8 /* Model */ = {
			isa = PBXGroup;
			children = (
				B0CF74BA2D038C1D008935D8 /* IncidentResponseModel.swift */,
				B01C0E2B2D08A8290021A39E /* IncidentDetailResponseModel.swift */,
			);
			path = Model;
			sourceTree = "<group>";
		};
		B0D12CFE2CED095200EEDDF8 /* Login */ = {
			isa = PBXGroup;
			children = (
				B0D12CFC2CED095200EEDDF8 /* LoginViewController.swift */,
				9B4F50E62CF57609007D319D /* LoginDataModel.swift */,
				B0D12CFD2CED095200EEDDF8 /* RegistrationViewController.swift */,
				B0D12D042CED0CC300EEDDF8 /* LoginCoordinator.swift */,
			);
			path = Login;
			sourceTree = "<group>";
		};
		B0D12D012CED0C8400EEDDF8 /* FWCommon */ = {
			isa = PBXGroup;
			children = (
				B0D12D022CED0C9400EEDDF8 /* BaseCoordinator.swift */,
				B0D12D072CED109D00EEDDF8 /* AppCoordinator.swift */,
				B0F1A7ED2CED224700D9F309 /* UILabel+Extension.swift */,
				B0A370CC2CEF91DA0021D2F7 /* UIViewController+Extension.swift */,
				B064D3142CF316BD00CAB161 /* UINavigationController+Extension.swift */,
			);
			path = FWCommon;
			sourceTree = "<group>";
		};
/* End PBXGroup section */

/* Begin PBXNativeTarget section */
		B08236E82CE374D10092AC01 /* FireWire */ = {
			isa = PBXNativeTarget;
			buildConfigurationList = B08237132CE374D30092AC01 /* Build configuration list for PBXNativeTarget "FireWire" */;
			buildPhases = (
				B08236E52CE374D10092AC01 /* Sources */,
				B08236E62CE374D10092AC01 /* Frameworks */,
				B08236E72CE374D10092AC01 /* Resources */,
			);
			buildRules = (
			);
			dependencies = (
			);
			name = FireWire;
			packageProductDependencies = (
				B0E115802CFF7B9C00E7D10B /* GoogleMaps */,
			);
			productName = FireWire;
			productReference = B08236E92CE374D10092AC01 /* FireWire.app */;
			productType = "com.apple.product-type.application";
		};
		B08236FE2CE374D30092AC01 /* FireWireTests */ = {
			isa = PBXNativeTarget;
			buildConfigurationList = B08237162CE374D30092AC01 /* Build configuration list for PBXNativeTarget "FireWireTests" */;
			buildPhases = (
				B08236FB2CE374D30092AC01 /* Sources */,
				B08236FC2CE374D30092AC01 /* Frameworks */,
				B08236FD2CE374D30092AC01 /* Resources */,
			);
			buildRules = (
			);
			dependencies = (
				B08237012CE374D30092AC01 /* PBXTargetDependency */,
			);
			name = FireWireTests;
			productName = FireWireTests;
			productReference = B08236FF2CE374D30092AC01 /* FireWireTests.xctest */;
			productType = "com.apple.product-type.bundle.unit-test";
		};
		B08237082CE374D30092AC01 /* FireWireUITests */ = {
			isa = PBXNativeTarget;
			buildConfigurationList = B08237192CE374D30092AC01 /* Build configuration list for PBXNativeTarget "FireWireUITests" */;
			buildPhases = (
				B08237052CE374D30092AC01 /* Sources */,
				B08237062CE374D30092AC01 /* Frameworks */,
				B08237072CE374D30092AC01 /* Resources */,
			);
			buildRules = (
			);
			dependencies = (
				B082370B2CE374D30092AC01 /* PBXTargetDependency */,
			);
			name = FireWireUITests;
			productName = FireWireUITests;
			productReference = B08237092CE374D30092AC01 /* FireWireUITests.xctest */;
			productType = "com.apple.product-type.bundle.ui-testing";
		};
/* End PBXNativeTarget section */

/* Begin PBXProject section */
		B08236E12CE374D10092AC01 /* Project object */ = {
			isa = PBXProject;
			attributes = {
				BuildIndependentTargetsInParallel = 1;
				LastSwiftUpdateCheck = 1530;
				LastUpgradeCheck = 1530;
				TargetAttributes = {
					B08236E82CE374D10092AC01 = {
						CreatedOnToolsVersion = 15.3;
					};
					B08236FE2CE374D30092AC01 = {
						CreatedOnToolsVersion = 15.3;
						TestTargetID = B08236E82CE374D10092AC01;
					};
					B08237082CE374D30092AC01 = {
						CreatedOnToolsVersion = 15.3;
						TestTargetID = B08236E82CE374D10092AC01;
					};
				};
			};
			buildConfigurationList = B08236E42CE374D10092AC01 /* Build configuration list for PBXProject "FireWire" */;
			compatibilityVersion = "Xcode 14.0";
			developmentRegion = en;
			hasScannedForEncodings = 0;
			knownRegions = (
				en,
				Base,
			);
			mainGroup = B08236E02CE374D10092AC01;
			packageReferences = (
				B0E1157F2CFF7B9C00E7D10B /* XCRemoteSwiftPackageReference "ios-maps-sdk" */,
			);
			productRefGroup = B08236EA2CE374D10092AC01 /* Products */;
			projectDirPath = "";
			projectRoot = "";
			targets = (
				B08236E82CE374D10092AC01 /* FireWire */,
				B08236FE2CE374D30092AC01 /* FireWireTests */,
				B08237082CE374D30092AC01 /* FireWireUITests */,
			);
		};
/* End PBXProject section */

/* Begin PBXResourcesBuildPhase section */
		B08236E72CE374D10092AC01 /* Resources */ = {
			isa = PBXResourcesBuildPhase;
			buildActionMask = 2147483647;
			files = (
				B04682412CE5401100419C65 /* PostListViewController.xib in Resources */,
				B08236F62CE374D30092AC01 /* Assets.xcassets in Resources */,
				B0100CDC2CF78E14004F6214 /* SelectAreaListViewCell.xib in Resources */,
				9B4F51342CF586E6007D319D /* Teko-Medium.ttf in Resources */,
				9B4F51352CF586E6007D319D /* Inter-Regular.ttf in Resources */,
				B046823D2CE53B9300419C65 /* MapViewController.xib in Resources */,
				B046824F2CE6779A00419C65 /* PostListViewCell.xib in Resources */,
				B08236F92CE374D30092AC01 /* Base in Resources */,
				9B4F51322CF586E6007D319D /* Poppins-Regular.ttf in Resources */,
				B0895A7D2CE8F10700A4AA1D /* NewsListViewCell.xib in Resources */,
				B04682352CE5327D00419C65 /* NewsListViewController.xib in Resources */,
				9B4B179E2CF58759007517BD /* Colors.xcassets in Resources */,
				9B4B179F2CF58759007517BD /* Images.xcassets in Resources */,
				B08236F42CE374D10092AC01 /* Base in Resources */,
				9B4F51362CF586E6007D319D /* Inter_18pt-Regular.ttf in Resources */,
				B09254B52CF626C100879B07 /* SelectAreaListViewController.xib in Resources */,
				9B4F51332CF586E6007D319D /* Poppins-SemiBold.ttf in Resources */,
			);
			runOnlyForDeploymentPostprocessing = 0;
		};
		B08236FD2CE374D30092AC01 /* Resources */ = {
			isa = PBXResourcesBuildPhase;
			buildActionMask = 2147483647;
			files = (
			);
			runOnlyForDeploymentPostprocessing = 0;
		};
		B08237072CE374D30092AC01 /* Resources */ = {
			isa = PBXResourcesBuildPhase;
			buildActionMask = 2147483647;
			files = (
			);
			runOnlyForDeploymentPostprocessing = 0;
		};
/* End PBXResourcesBuildPhase section */

/* Begin PBXSourcesBuildPhase section */
		B08236E52CE374D10092AC01 /* Sources */ = {
			isa = PBXSourcesBuildPhase;
			buildActionMask = 2147483647;
			files = (
				B04682472CE66B3700419C65 /* FWSegmentControl.swift in Sources */,
				B04682452CE6685300419C65 /* FWRoundedButton.swift in Sources */,
				B046822D2CE52CA900419C65 /* HomeViewController.swift in Sources */,
				B0D12CFF2CED095200EEDDF8 /* LoginViewController.swift in Sources */,
				B0F1A7EE2CED224700D9F309 /* UILabel+Extension.swift in Sources */,
				B08236ED2CE374D10092AC01 /* AppDelegate.swift in Sources */,
				B0D12D052CED0CC300EEDDF8 /* LoginCoordinator.swift in Sources */,
				B01C0E2C2D08A8290021A39E /* IncidentDetailResponseModel.swift in Sources */,
				B0D12D032CED0C9400EEDDF8 /* BaseCoordinator.swift in Sources */,
				B0F1A7E82CED1F9200D9F309 /* FWFilledButton.swift in Sources */,
				B0A370CD2CEF91DA0021D2F7 /* UIViewController+Extension.swift in Sources */,
				B09254BA2CF6378500879B07 /* FWBottomSheetViewController.swift in Sources */,
				B064D3152CF316BD00CAB161 /* UINavigationController+Extension.swift in Sources */,
				B0895A7C2CE8F10700A4AA1D /* NewsListViewCell.swift in Sources */,
				B046824A2CE66E4900419C65 /* FWColor.swift in Sources */,
				B071E0212CE5036500D09598 /* FWShadowButton.swift in Sources */,
				B04682342CE5327D00419C65 /* NewsListViewController.swift in Sources */,
				B01BB04F2CF3109C003970D7 /* MenuViewController.swift in Sources */,
				9B4F50DB2CF57068007D319D /* JPToast.swift in Sources */,
				9B4F50DC2CF57068007D319D /* JPTextField.swift in Sources */,
				9B4F50DD2CF57068007D319D /* JPNetworkReachability.swift in Sources */,
				B0CF74BB2D038C1D008935D8 /* IncidentResponseModel.swift in Sources */,
				9B4F50DE2CF57068007D319D /* APIManager.swift in Sources */,
				9B4F50DF2CF57068007D319D /* APIEndpoints.swift in Sources */,
				9B4F50E02CF57068007D319D /* JPAlertController.swift in Sources */,
				B0100CDB2CF78E14004F6214 /* SelectAreaListViewCell.swift in Sources */,
				9B4F50E12CF57068007D319D /* APIRequest.swift in Sources */,
				B09254BE2CF64BE400879B07 /* FWImage.swift in Sources */,
				B01C0E282D08A5C60021A39E /* PostDetailViewModel.swift in Sources */,
				9B4F50E22CF57068007D319D /* JPLoader.swift in Sources */,
				B08236EF2CE374D10092AC01 /* SceneDelegate.swift in Sources */,
				B0100CEC2CFF768D004F6214 /* NewsDetailViewController.swift in Sources */,
				B0D12D002CED095200EEDDF8 /* RegistrationViewController.swift in Sources */,
				B0A370CF2CEF95E80021D2F7 /* FWTextField.swift in Sources */,
				B046823C2CE53B9300419C65 /* MapViewController.swift in Sources */,
				B01BB0512CF311A5003970D7 /* HomeCoordinator.swift in Sources */,
				B0D12D082CED109D00EEDDF8 /* AppCoordinator.swift in Sources */,
				B04682402CE5401100419C65 /* PostListViewController.swift in Sources */,
				B064D3192CF32B5000CAB161 /* FWView.swift in Sources */,
				9B4F51312CF586E6007D319D /* String+copy.swift in Sources */,
				B09254B42CF626C100879B07 /* SelectAreaListViewController.swift in Sources */,
				9B4F50E72CF57609007D319D /* LoginDataModel.swift in Sources */,
				B01BB0532CF3149E003970D7 /* FeedsViewController.swift in Sources */,
				B0CF74B72D038834008935D8 /* PostListViewModel.swift in Sources */,
				B04682502CE6779A00419C65 /* PostListViewCell.swift in Sources */,
				B0AD4B382D01EDEF009B065C /* APIConstants.swift in Sources */,
				B046824C2CE66F5A00419C65 /* FWFont.swift in Sources */,
				B064D3172CF325E800CAB161 /* FWRoundedImageView.swift in Sources */,
				B0CF74B52D0369BA008935D8 /* MyAccountViewController.swift in Sources */,
				B0100CE22CF79A97004F6214 /* PostDetailViewController.swift in Sources */,
			);
			runOnlyForDeploymentPostprocessing = 0;
		};
		B08236FB2CE374D30092AC01 /* Sources */ = {
			isa = PBXSourcesBuildPhase;
			buildActionMask = 2147483647;
			files = (
				B08237042CE374D30092AC01 /* FireWireTests.swift in Sources */,
			);
			runOnlyForDeploymentPostprocessing = 0;
		};
		B08237052CE374D30092AC01 /* Sources */ = {
			isa = PBXSourcesBuildPhase;
			buildActionMask = 2147483647;
			files = (
				B08237102CE374D30092AC01 /* FireWireUITestsLaunchTests.swift in Sources */,
				B082370E2CE374D30092AC01 /* FireWireUITests.swift in Sources */,
			);
			runOnlyForDeploymentPostprocessing = 0;
		};
/* End PBXSourcesBuildPhase section */

/* Begin PBXTargetDependency section */
		B08237012CE374D30092AC01 /* PBXTargetDependency */ = {
			isa = PBXTargetDependency;
			target = B08236E82CE374D10092AC01 /* FireWire */;
			targetProxy = B08237002CE374D30092AC01 /* PBXContainerItemProxy */;
		};
		B082370B2CE374D30092AC01 /* PBXTargetDependency */ = {
			isa = PBXTargetDependency;
			target = B08236E82CE374D10092AC01 /* FireWire */;
			targetProxy = B082370A2CE374D30092AC01 /* PBXContainerItemProxy */;
		};
/* End PBXTargetDependency section */

/* Begin PBXVariantGroup section */
		B08236F22CE374D10092AC01 /* Main.storyboard */ = {
			isa = PBXVariantGroup;
			children = (
				B08236F32CE374D10092AC01 /* Base */,
			);
			name = Main.storyboard;
			sourceTree = "<group>";
		};
		B08236F72CE374D30092AC01 /* LaunchScreen.storyboard */ = {
			isa = PBXVariantGroup;
			children = (
				B08236F82CE374D30092AC01 /* Base */,
			);
			name = LaunchScreen.storyboard;
			sourceTree = "<group>";
		};
/* End PBXVariantGroup section */

/* Begin XCBuildConfiguration section */
		B08237112CE374D30092AC01 /* Debug */ = {
			isa = XCBuildConfiguration;
			buildSettings = {
				ALWAYS_SEARCH_USER_PATHS = NO;
				ASSETCATALOG_COMPILER_GENERATE_SWIFT_ASSET_SYMBOL_EXTENSIONS = YES;
				CLANG_ANALYZER_NONNULL = YES;
				CLANG_ANALYZER_NUMBER_OBJECT_CONVERSION = YES_AGGRESSIVE;
				CLANG_CXX_LANGUAGE_STANDARD = "gnu++20";
				CLANG_ENABLE_MODULES = YES;
				CLANG_ENABLE_OBJC_ARC = YES;
				CLANG_ENABLE_OBJC_WEAK = YES;
				CLANG_WARN_BLOCK_CAPTURE_AUTORELEASING = YES;
				CLANG_WARN_BOOL_CONVERSION = YES;
				CLANG_WARN_COMMA = YES;
				CLANG_WARN_CONSTANT_CONVERSION = YES;
				CLANG_WARN_DEPRECATED_OBJC_IMPLEMENTATIONS = YES;
				CLANG_WARN_DIRECT_OBJC_ISA_USAGE = YES_ERROR;
				CLANG_WARN_DOCUMENTATION_COMMENTS = YES;
				CLANG_WARN_EMPTY_BODY = YES;
				CLANG_WARN_ENUM_CONVERSION = YES;
				CLANG_WARN_INFINITE_RECURSION = YES;
				CLANG_WARN_INT_CONVERSION = YES;
				CLANG_WARN_NON_LITERAL_NULL_CONVERSION = YES;
				CLANG_WARN_OBJC_IMPLICIT_RETAIN_SELF = YES;
				CLANG_WARN_OBJC_LITERAL_CONVERSION = YES;
				CLANG_WARN_OBJC_ROOT_CLASS = YES_ERROR;
				CLANG_WARN_QUOTED_INCLUDE_IN_FRAMEWORK_HEADER = YES;
				CLANG_WARN_RANGE_LOOP_ANALYSIS = YES;
				CLANG_WARN_STRICT_PROTOTYPES = YES;
				CLANG_WARN_SUSPICIOUS_MOVE = YES;
				CLANG_WARN_UNGUARDED_AVAILABILITY = YES_AGGRESSIVE;
				CLANG_WARN_UNREACHABLE_CODE = YES;
				CLANG_WARN__DUPLICATE_METHOD_MATCH = YES;
				COPY_PHASE_STRIP = NO;
				DEBUG_INFORMATION_FORMAT = dwarf;
				ENABLE_STRICT_OBJC_MSGSEND = YES;
				ENABLE_TESTABILITY = YES;
				ENABLE_USER_SCRIPT_SANDBOXING = YES;
				GCC_C_LANGUAGE_STANDARD = gnu17;
				GCC_DYNAMIC_NO_PIC = NO;
				GCC_NO_COMMON_BLOCKS = YES;
				GCC_OPTIMIZATION_LEVEL = 0;
				GCC_PREPROCESSOR_DEFINITIONS = (
					"DEBUG=1",
					"$(inherited)",
				);
				GCC_WARN_64_TO_32_BIT_CONVERSION = YES;
				GCC_WARN_ABOUT_RETURN_TYPE = YES_ERROR;
				GCC_WARN_UNDECLARED_SELECTOR = YES;
				GCC_WARN_UNINITIALIZED_AUTOS = YES_AGGRESSIVE;
				GCC_WARN_UNUSED_FUNCTION = YES;
				GCC_WARN_UNUSED_VARIABLE = YES;
				IPHONEOS_DEPLOYMENT_TARGET = 17.4;
				LOCALIZATION_PREFERS_STRING_CATALOGS = YES;
				MTL_ENABLE_DEBUG_INFO = INCLUDE_SOURCE;
				MTL_FAST_MATH = YES;
				ONLY_ACTIVE_ARCH = YES;
				SDKROOT = iphoneos;
				SWIFT_ACTIVE_COMPILATION_CONDITIONS = "DEBUG $(inherited)";
				SWIFT_OPTIMIZATION_LEVEL = "-Onone";
			};
			name = Debug;
		};
		B08237122CE374D30092AC01 /* Release */ = {
			isa = XCBuildConfiguration;
			buildSettings = {
				ALWAYS_SEARCH_USER_PATHS = NO;
				ASSETCATALOG_COMPILER_GENERATE_SWIFT_ASSET_SYMBOL_EXTENSIONS = YES;
				CLANG_ANALYZER_NONNULL = YES;
				CLANG_ANALYZER_NUMBER_OBJECT_CONVERSION = YES_AGGRESSIVE;
				CLANG_CXX_LANGUAGE_STANDARD = "gnu++20";
				CLANG_ENABLE_MODULES = YES;
				CLANG_ENABLE_OBJC_ARC = YES;
				CLANG_ENABLE_OBJC_WEAK = YES;
				CLANG_WARN_BLOCK_CAPTURE_AUTORELEASING = YES;
				CLANG_WARN_BOOL_CONVERSION = YES;
				CLANG_WARN_COMMA = YES;
				CLANG_WARN_CONSTANT_CONVERSION = YES;
				CLANG_WARN_DEPRECATED_OBJC_IMPLEMENTATIONS = YES;
				CLANG_WARN_DIRECT_OBJC_ISA_USAGE = YES_ERROR;
				CLANG_WARN_DOCUMENTATION_COMMENTS = YES;
				CLANG_WARN_EMPTY_BODY = YES;
				CLANG_WARN_ENUM_CONVERSION = YES;
				CLANG_WARN_INFINITE_RECURSION = YES;
				CLANG_WARN_INT_CONVERSION = YES;
				CLANG_WARN_NON_LITERAL_NULL_CONVERSION = YES;
				CLANG_WARN_OBJC_IMPLICIT_RETAIN_SELF = YES;
				CLANG_WARN_OBJC_LITERAL_CONVERSION = YES;
				CLANG_WARN_OBJC_ROOT_CLASS = YES_ERROR;
				CLANG_WARN_QUOTED_INCLUDE_IN_FRAMEWORK_HEADER = YES;
				CLANG_WARN_RANGE_LOOP_ANALYSIS = YES;
				CLANG_WARN_STRICT_PROTOTYPES = YES;
				CLANG_WARN_SUSPICIOUS_MOVE = YES;
				CLANG_WARN_UNGUARDED_AVAILABILITY = YES_AGGRESSIVE;
				CLANG_WARN_UNREACHABLE_CODE = YES;
				CLANG_WARN__DUPLICATE_METHOD_MATCH = YES;
				COPY_PHASE_STRIP = NO;
				DEBUG_INFORMATION_FORMAT = "dwarf-with-dsym";
				ENABLE_NS_ASSERTIONS = NO;
				ENABLE_STRICT_OBJC_MSGSEND = YES;
				ENABLE_USER_SCRIPT_SANDBOXING = YES;
				GCC_C_LANGUAGE_STANDARD = gnu17;
				GCC_NO_COMMON_BLOCKS = YES;
				GCC_WARN_64_TO_32_BIT_CONVERSION = YES;
				GCC_WARN_ABOUT_RETURN_TYPE = YES_ERROR;
				GCC_WARN_UNDECLARED_SELECTOR = YES;
				GCC_WARN_UNINITIALIZED_AUTOS = YES_AGGRESSIVE;
				GCC_WARN_UNUSED_FUNCTION = YES;
				GCC_WARN_UNUSED_VARIABLE = YES;
				IPHONEOS_DEPLOYMENT_TARGET = 17.4;
				LOCALIZATION_PREFERS_STRING_CATALOGS = YES;
				MTL_ENABLE_DEBUG_INFO = NO;
				MTL_FAST_MATH = YES;
				SDKROOT = iphoneos;
				SWIFT_COMPILATION_MODE = wholemodule;
				VALIDATE_PRODUCT = YES;
			};
			name = Release;
		};
		B08237142CE374D30092AC01 /* Debug */ = {
			isa = XCBuildConfiguration;
			buildSettings = {
				ASSETCATALOG_COMPILER_APPICON_NAME = AppIcon;
				ASSETCATALOG_COMPILER_GLOBAL_ACCENT_COLOR_NAME = AccentColor;
				CODE_SIGN_STYLE = Automatic;
				CURRENT_PROJECT_VERSION = 1;
				GENERATE_INFOPLIST_FILE = YES;
				INFOPLIST_FILE = FireWire/Info.plist;
				INFOPLIST_KEY_CFBundleDisplayName = FireWire;
				INFOPLIST_KEY_NSLocationWhenInUseUsageDescription = "We need your location for the map";
				INFOPLIST_KEY_UIApplicationSupportsIndirectInputEvents = YES;
				INFOPLIST_KEY_UILaunchStoryboardName = LaunchScreen;
				INFOPLIST_KEY_UIMainStoryboardFile = Main;
				INFOPLIST_KEY_UISupportedInterfaceOrientations_iPad = "UIInterfaceOrientationPortrait UIInterfaceOrientationPortraitUpsideDown UIInterfaceOrientationLandscapeLeft UIInterfaceOrientationLandscapeRight";
				INFOPLIST_KEY_UISupportedInterfaceOrientations_iPhone = "UIInterfaceOrientationPortrait UIInterfaceOrientationLandscapeLeft UIInterfaceOrientationLandscapeRight";
				IPHONEOS_DEPLOYMENT_TARGET = 17.4;
				LD_RUNPATH_SEARCH_PATHS = (
					"$(inherited)",
					"@executable_path/Frameworks",
				);
				MARKETING_VERSION = 1.0;
				PRODUCT_BUNDLE_IDENTIFIER = com.nyc.FireWire;
				PRODUCT_NAME = "$(TARGET_NAME)";
				SUPPORTED_PLATFORMS = "iphoneos iphonesimulator";
				SUPPORTS_MACCATALYST = NO;
				SUPPORTS_MAC_DESIGNED_FOR_IPHONE_IPAD = NO;
				SUPPORTS_XR_DESIGNED_FOR_IPHONE_IPAD = NO;
				SWIFT_EMIT_LOC_STRINGS = YES;
				SWIFT_VERSION = 5.0;
				TARGETED_DEVICE_FAMILY = "1,2";
			};
			name = Debug;
		};
		B08237152CE374D30092AC01 /* Release */ = {
			isa = XCBuildConfiguration;
			buildSettings = {
				ASSETCATALOG_COMPILER_APPICON_NAME = AppIcon;
				ASSETCATALOG_COMPILER_GLOBAL_ACCENT_COLOR_NAME = AccentColor;
				CODE_SIGN_STYLE = Automatic;
				CURRENT_PROJECT_VERSION = 1;
				GENERATE_INFOPLIST_FILE = YES;
				INFOPLIST_FILE = FireWire/Info.plist;
				INFOPLIST_KEY_CFBundleDisplayName = FireWire;
				INFOPLIST_KEY_NSLocationWhenInUseUsageDescription = "We need your location for the map";
				INFOPLIST_KEY_UIApplicationSupportsIndirectInputEvents = YES;
				INFOPLIST_KEY_UILaunchStoryboardName = LaunchScreen;
				INFOPLIST_KEY_UIMainStoryboardFile = Main;
				INFOPLIST_KEY_UISupportedInterfaceOrientations_iPad = "UIInterfaceOrientationPortrait UIInterfaceOrientationPortraitUpsideDown UIInterfaceOrientationLandscapeLeft UIInterfaceOrientationLandscapeRight";
				INFOPLIST_KEY_UISupportedInterfaceOrientations_iPhone = "UIInterfaceOrientationPortrait UIInterfaceOrientationLandscapeLeft UIInterfaceOrientationLandscapeRight";
				IPHONEOS_DEPLOYMENT_TARGET = 17.4;
				LD_RUNPATH_SEARCH_PATHS = (
					"$(inherited)",
					"@executable_path/Frameworks",
				);
				MARKETING_VERSION = 1.0;
				PRODUCT_BUNDLE_IDENTIFIER = com.nyc.FireWire;
				PRODUCT_NAME = "$(TARGET_NAME)";
				SUPPORTED_PLATFORMS = "iphoneos iphonesimulator";
				SUPPORTS_MACCATALYST = NO;
				SUPPORTS_MAC_DESIGNED_FOR_IPHONE_IPAD = NO;
				SUPPORTS_XR_DESIGNED_FOR_IPHONE_IPAD = NO;
				SWIFT_EMIT_LOC_STRINGS = YES;
				SWIFT_VERSION = 5.0;
				TARGETED_DEVICE_FAMILY = "1,2";
			};
			name = Release;
		};
		B08237172CE374D30092AC01 /* Debug */ = {
			isa = XCBuildConfiguration;
			buildSettings = {
				ALWAYS_EMBED_SWIFT_STANDARD_LIBRARIES = YES;
				BUNDLE_LOADER = "$(TEST_HOST)";
				CODE_SIGN_STYLE = Automatic;
				CURRENT_PROJECT_VERSION = 1;
				GENERATE_INFOPLIST_FILE = YES;
				IPHONEOS_DEPLOYMENT_TARGET = 17.4;
				MARKETING_VERSION = 1.0;
				PRODUCT_BUNDLE_IDENTIFIER = com.atom.firewire.FireWireTests;
				PRODUCT_NAME = "$(TARGET_NAME)";
				SWIFT_EMIT_LOC_STRINGS = NO;
				SWIFT_VERSION = 5.0;
				TARGETED_DEVICE_FAMILY = "1,2";
				TEST_HOST = "$(BUILT_PRODUCTS_DIR)/FireWire.app/$(BUNDLE_EXECUTABLE_FOLDER_PATH)/FireWire";
			};
			name = Debug;
		};
		B08237182CE374D30092AC01 /* Release */ = {
			isa = XCBuildConfiguration;
			buildSettings = {
				ALWAYS_EMBED_SWIFT_STANDARD_LIBRARIES = YES;
				BUNDLE_LOADER = "$(TEST_HOST)";
				CODE_SIGN_STYLE = Automatic;
				CURRENT_PROJECT_VERSION = 1;
				GENERATE_INFOPLIST_FILE = YES;
				IPHONEOS_DEPLOYMENT_TARGET = 17.4;
				MARKETING_VERSION = 1.0;
				PRODUCT_BUNDLE_IDENTIFIER = com.atom.firewire.FireWireTests;
				PRODUCT_NAME = "$(TARGET_NAME)";
				SWIFT_EMIT_LOC_STRINGS = NO;
				SWIFT_VERSION = 5.0;
				TARGETED_DEVICE_FAMILY = "1,2";
				TEST_HOST = "$(BUILT_PRODUCTS_DIR)/FireWire.app/$(BUNDLE_EXECUTABLE_FOLDER_PATH)/FireWire";
			};
			name = Release;
		};
		B082371A2CE374D30092AC01 /* Debug */ = {
			isa = XCBuildConfiguration;
			buildSettings = {
				ALWAYS_EMBED_SWIFT_STANDARD_LIBRARIES = YES;
				CODE_SIGN_STYLE = Automatic;
				CURRENT_PROJECT_VERSION = 1;
				GENERATE_INFOPLIST_FILE = YES;
				MARKETING_VERSION = 1.0;
				PRODUCT_BUNDLE_IDENTIFIER = com.atom.firewire.FireWireUITests;
				PRODUCT_NAME = "$(TARGET_NAME)";
				SWIFT_EMIT_LOC_STRINGS = NO;
				SWIFT_VERSION = 5.0;
				TARGETED_DEVICE_FAMILY = "1,2";
				TEST_TARGET_NAME = FireWire;
			};
			name = Debug;
		};
		B082371B2CE374D30092AC01 /* Release */ = {
			isa = XCBuildConfiguration;
			buildSettings = {
				ALWAYS_EMBED_SWIFT_STANDARD_LIBRARIES = YES;
				CODE_SIGN_STYLE = Automatic;
				CURRENT_PROJECT_VERSION = 1;
				GENERATE_INFOPLIST_FILE = YES;
				MARKETING_VERSION = 1.0;
				PRODUCT_BUNDLE_IDENTIFIER = com.atom.firewire.FireWireUITests;
				PRODUCT_NAME = "$(TARGET_NAME)";
				SWIFT_EMIT_LOC_STRINGS = NO;
				SWIFT_VERSION = 5.0;
				TARGETED_DEVICE_FAMILY = "1,2";
				TEST_TARGET_NAME = FireWire;
			};
			name = Release;
		};
/* End XCBuildConfiguration section */

/* Begin XCConfigurationList section */
		B08236E42CE374D10092AC01 /* Build configuration list for PBXProject "FireWire" */ = {
			isa = XCConfigurationList;
			buildConfigurations = (
				B08237112CE374D30092AC01 /* Debug */,
				B08237122CE374D30092AC01 /* Release */,
			);
			defaultConfigurationIsVisible = 0;
			defaultConfigurationName = Release;
		};
		B08237132CE374D30092AC01 /* Build configuration list for PBXNativeTarget "FireWire" */ = {
			isa = XCConfigurationList;
			buildConfigurations = (
				B08237142CE374D30092AC01 /* Debug */,
				B08237152CE374D30092AC01 /* Release */,
			);
			defaultConfigurationIsVisible = 0;
			defaultConfigurationName = Release;
		};
		B08237162CE374D30092AC01 /* Build configuration list for PBXNativeTarget "FireWireTests" */ = {
			isa = XCConfigurationList;
			buildConfigurations = (
				B08237172CE374D30092AC01 /* Debug */,
				B08237182CE374D30092AC01 /* Release */,
			);
			defaultConfigurationIsVisible = 0;
			defaultConfigurationName = Release;
		};
		B08237192CE374D30092AC01 /* Build configuration list for PBXNativeTarget "FireWireUITests" */ = {
			isa = XCConfigurationList;
			buildConfigurations = (
				B082371A2CE374D30092AC01 /* Debug */,
				B082371B2CE374D30092AC01 /* Release */,
			);
			defaultConfigurationIsVisible = 0;
			defaultConfigurationName = Release;
		};
/* End XCConfigurationList section */

/* Begin XCRemoteSwiftPackageReference section */
		B0E1157F2CFF7B9C00E7D10B /* XCRemoteSwiftPackageReference "ios-maps-sdk" */ = {
			isa = XCRemoteSwiftPackageReference;
			repositoryURL = "https://github.com/googlemaps/ios-maps-sdk";
			requirement = {
				kind = upToNextMajorVersion;
				minimumVersion = 9.2.0;
			};
		};
/* End XCRemoteSwiftPackageReference section */

/* Begin XCSwiftPackageProductDependency section */
		B0E115802CFF7B9C00E7D10B /* GoogleMaps */ = {
			isa = XCSwiftPackageProductDependency;
			package = B0E1157F2CFF7B9C00E7D10B /* XCRemoteSwiftPackageReference "ios-maps-sdk" */;
			productName = GoogleMaps;
		};
/* End XCSwiftPackageProductDependency section */
	};
	rootObject = B08236E12CE374D10092AC01 /* Project object */;
}
